// !$*UTF8*$!
{
	archiveVersion = 1;
	classes = {
	};
	objectVersion = 50;
	objects = {

/* Begin PBXBuildFile section */
		BA3B09E523EA5A3A006EA95D /* AppDelegate.swift in Sources */ = {isa = PBXBuildFile; fileRef = BA3B09E423EA5A3A006EA95D /* AppDelegate.swift */; };
		BA3B09E723EA5A3A006EA95D /* SceneDelegate.swift in Sources */ = {isa = PBXBuildFile; fileRef = BA3B09E623EA5A3A006EA95D /* SceneDelegate.swift */; };
		BA3B09E923EA5A3A006EA95D /* ViewController.swift in Sources */ = {isa = PBXBuildFile; fileRef = BA3B09E823EA5A3A006EA95D /* ViewController.swift */; };
		BA3B09EC23EA5A3A006EA95D /* Main.storyboard in Resources */ = {isa = PBXBuildFile; fileRef = BA3B09EA23EA5A3A006EA95D /* Main.storyboard */; };
		BA3B09EE23EA5A3A006EA95D /* Assets.xcassets in Resources */ = {isa = PBXBuildFile; fileRef = BA3B09ED23EA5A3A006EA95D /* Assets.xcassets */; };
		BA3B09F123EA5A3A006EA95D /* LaunchScreen.storyboard in Resources */ = {isa = PBXBuildFile; fileRef = BA3B09EF23EA5A3A006EA95D /* LaunchScreen.storyboard */; };
/* End PBXBuildFile section */

/* Begin PBXFileReference section */
		BA3B09E123EA5A3A006EA95D /* ChenCodesLoadingView.app */ = {isa = PBXFileReference; explicitFileType = wrapper.application; includeInIndex = 0; path = ChenCodesLoadingView.app; sourceTree = BUILT_PRODUCTS_DIR; };
		BA3B09E423EA5A3A006EA95D /* AppDelegate.swift */ = {isa = PBXFileReference; lastKnownFileType = sourcecode.swift; path = AppDelegate.swift; sourceTree = "<group>"; };
		BA3B09E623EA5A3A006EA95D /* SceneDelegate.swift */ = {isa = PBXFileReference; lastKnownFileType = sourcecode.swift; path = SceneDelegate.swift; sourceTree = "<group>"; };
		BA3B09E823EA5A3A006EA95D /* ViewController.swift */ = {isa = PBXFileReference; lastKnownFileType = sourcecode.swift; path = ViewController.swift; sourceTree = "<group>"; };
		BA3B09EB23EA5A3A006EA95D /* Base */ = {isa = PBXFileReference; lastKnownFileType = file.storyboard; name = Base; path = Base.lproj/Main.storyboard; sourceTree = "<group>"; };
		BA3B09ED23EA5A3A006EA95D /* Assets.xcassets */ = {isa = PBXFileReference; lastKnownFileType = folder.assetcatalog; path = Assets.xcassets; sourceTree = "<group>"; };
		BA3B09F023EA5A3A006EA95D /* Base */ = {isa = PBXFileReference; lastKnownFileType = file.storyboard; name = Base; path = Base.lproj/LaunchScreen.storyboard; sourceTree = "<group>"; };
		BA3B09F223EA5A3A006EA95D /* Info.plist */ = {isa = PBXFileReference; lastKnownFileType = text.plist.xml; path = Info.plist; sourceTree = "<group>"; };
/* End PBXFileReference section */

/* Begin PBXFrameworksBuildPhase section */
		BA3B09DE23EA5A3A006EA95D /* Frameworks */ = {
			isa = PBXFrameworksBuildPhase;
			buildActionMask = 2147483647;
			files = (
			);
			runOnlyForDeploymentPostprocessing = 0;
		};
/* End PBXFrameworksBuildPhase section */

/* Begin PBXGroup section */
		BA3B09D823EA5A3A006EA95D = {
			isa = PBXGroup;
			children = (
				BA3B09E323EA5A3A006EA95D /* ChenCodesLoadingView */,
				BA3B09E223EA5A3A006EA95D /* Products */,
			);
			sourceTree = "<group>";
		};
		BA3B09E223EA5A3A006EA95D /* Products */ = {
			isa = PBXGroup;
			children = (
				BA3B09E123EA5A3A006EA95D /* ChenCodesLoadingView.app */,
			);
			name = Products;
			sourceTree = "<group>";
		};
		BA3B09E323EA5A3A006EA95D /* ChenCodesLoadingView */ = {
			isa = PBXGroup;
			children = (
				BA3B09E423EA5A3A006EA95D /* AppDelegate.swift */,
				BA3B09E623EA5A3A006EA95D /* SceneDelegate.swift */,
				BA3B09E823EA5A3A006EA95D /* ViewController.swift */,
				BA3B09EA23EA5A3A006EA95D /* Main.storyboard */,
				BA3B09ED23EA5A3A006EA95D /* Assets.xcassets */,
				BA3B09EF23EA5A3A006EA95D /* LaunchScreen.storyboard */,
				BA3B09F223EA5A3A006EA95D /* Info.plist */,
			);
			path = ChenCodesLoadingView;
			sourceTree = "<group>";
		};
/* End PBXGroup section */

/* Begin PBXNativeTarget section */
		BA3B09E023EA5A3A006EA95D /* ChenCodesLoadingView */ = {
			isa = PBXNativeTarget;
			buildConfigurationList = BA3B09F523EA5A3A006EA95D /* Build configuration list for PBXNativeTarget "ChenCodesLoadingView" */;
			buildPhases = (
				BA3B09DD23EA5A3A006EA95D /* Sources */,
				BA3B09DE23EA5A3A006EA95D /* Frameworks */,
				BA3B09DF23EA5A3A006EA95D /* Resources */,
			);
			buildRules = (
			);
			dependencies = (
			);
			name = ChenCodesLoadingView;
			productName = ChenCodesLoadingView;
			productReference = BA3B09E123EA5A3A006EA95D /* ChenCodesLoadingView.app */;
			productType = "com.apple.product-type.application";
		};
/* End PBXNativeTarget section */

/* Begin PBXProject section */
		BA3B09D923EA5A3A006EA95D /* Project object */ = {
			isa = PBXProject;
			attributes = {
				LastSwiftUpdateCheck = 1130;
				LastUpgradeCheck = 1130;
				ORGANIZATIONNAME = "Chen Codes";
				TargetAttributes = {
					BA3B09E023EA5A3A006EA95D = {
						CreatedOnToolsVersion = 11.3;
					};
				};
			};
			buildConfigurationList = BA3B09DC23EA5A3A006EA95D /* Build configuration list for PBXProject "ChenCodesLoadingView" */;
			compatibilityVersion = "Xcode 9.3";
			developmentRegion = en;
			hasScannedForEncodings = 0;
			knownRegions = (
				en,
				Base,
			);
			mainGroup = BA3B09D823EA5A3A006EA95D;
			productRefGroup = BA3B09E223EA5A3A006EA95D /* Products */;
			projectDirPath = "";
			projectRoot = "";
			targets = (
				BA3B09E023EA5A3A006EA95D /* ChenCodesLoadingView */,
			);
		};
/* End PBXProject section */

/* Begin PBXResourcesBuildPhase section */
		BA3B09DF23EA5A3A006EA95D /* Resources */ = {
			isa = PBXResourcesBuildPhase;
			buildActionMask = 2147483647;
			files = (
				BA3B09F123EA5A3A006EA95D /* LaunchScreen.storyboard in Resources */,
				BA3B09EE23EA5A3A006EA95D /* Assets.xcassets in Resources */,
				BA3B09EC23EA5A3A006EA95D /* Main.storyboard in Resources */,
			);
			runOnlyForDeploymentPostprocessing = 0;
		};
/* End PBXResourcesBuildPhase section */

/* Begin PBXSourcesBuildPhase section */
		BA3B09DD23EA5A3A006EA95D /* Sources */ = {
			isa = PBXSourcesBuildPhase;
			buildActionMask = 2147483647;
			files = (
				BA3B09E923EA5A3A006EA95D /* ViewController.swift in Sources */,
				BA3B09E523EA5A3A006EA95D /* AppDelegate.swift in Sources */,
				BA3B09E723EA5A3A006EA95D /* SceneDelegate.swift in Sources */,
			);
			runOnlyForDeploymentPostprocessing = 0;
		};
/* End PBXSourcesBuildPhase section */

/* Begin PBXVariantGroup section */
		BA3B09EA23EA5A3A006EA95D /* Main.storyboard */ = {
			isa = PBXVariantGroup;
			children = (
				BA3B09EB23EA5A3A006EA95D /* Base */,
			);
			name = Main.storyboard;
			sourceTree = "<group>";
		};
		BA3B09EF23EA5A3A006EA95D /* LaunchScreen.storyboard */ = {
			isa = PBXVariantGroup;
			children = (
				BA3B09F023EA5A3A006EA95D /* Base */,
			);
			name = LaunchScreen.storyboard;
			sourceTree = "<group>";
		};
/* End PBXVariantGroup section */

/* Begin XCBuildConfiguration section */
		BA3B09F323EA5A3A006EA95D /* Debug */ = {
			isa = XCBuildConfiguration;
			buildSettings = {
				ALWAYS_SEARCH_USER_PATHS = NO;
				CLANG_ANALYZER_NONNULL = YES;
				CLANG_ANALYZER_NUMBER_OBJECT_CONVERSION = YES_AGGRESSIVE;
				CLANG_CXX_LANGUAGE_STANDARD = "gnu++14";
				CLANG_CXX_LIBRARY = "libc++";
				CLANG_ENABLE_MODULES = YES;
				CLANG_ENABLE_OBJC_ARC = YES;
				CLANG_ENABLE_OBJC_WEAK = YES;
				CLANG_WARN_BLOCK_CAPTURE_AUTORELEASING = YES;
				CLANG_WARN_BOOL_CONVERSION = YES;
				CLANG_WARN_COMMA = YES;
				CLANG_WARN_CONSTANT_CONVERSION = YES;
				CLANG_WARN_DEPRECATED_OBJC_IMPLEMENTATIONS = YES;
				CLANG_WARN_DIRECT_OBJC_ISA_USAGE = YES_ERROR;
				CLANG_WARN_DOCUMENTATION_COMMENTS = YES;
				CLANG_WARN_EMPTY_BODY = YES;
				CLANG_WARN_ENUM_CONVERSION = YES;
				CLANG_WARN_INFINITE_RECURSION = YES;
				CLANG_WARN_INT_CONVERSION = YES;
				CLANG_WARN_NON_LITERAL_NULL_CONVERSION = YES;
				CLANG_WARN_OBJC_IMPLICIT_RETAIN_SELF = YES;
				CLANG_WARN_OBJC_LITERAL_CONVERSION = YES;
				CLANG_WARN_OBJC_ROOT_CLASS = YES_ERROR;
				CLANG_WARN_RANGE_LOOP_ANALYSIS = YES;
				CLANG_WARN_STRICT_PROTOTYPES = YES;
				CLANG_WARN_SUSPICIOUS_MOVE = YES;
				CLANG_WARN_UNGUARDED_AVAILABILITY = YES_AGGRESSIVE;
				CLANG_WARN_UNREACHABLE_CODE = YES;
				CLANG_WARN__DUPLICATE_METHOD_MATCH = YES;
				COPY_PHASE_STRIP = NO;
				DEBUG_INFORMATION_FORMAT = dwarf;
				ENABLE_STRICT_OBJC_MSGSEND = YES;
				ENABLE_TESTABILITY = YES;
				GCC_C_LANGUAGE_STANDARD = gnu11;
				GCC_DYNAMIC_NO_PIC = NO;
				GCC_NO_COMMON_BLOCKS = YES;
				GCC_OPTIMIZATION_LEVEL = 0;
				GCC_PREPROCESSOR_DEFINITIONS = (
					"DEBUG=1",
					"$(inherited)",
				);
				GCC_WARN_64_TO_32_BIT_CONVERSION = YES;
				GCC_WARN_ABOUT_RETURN_TYPE = YES_ERROR;
				GCC_WARN_UNDECLARED_SELECTOR = YES;
				GCC_WARN_UNINITIALIZED_AUTOS = YES_AGGRESSIVE;
				GCC_WARN_UNUSED_FUNCTION = YES;
				GCC_WARN_UNUSED_VARIABLE = YES;
				IPHONEOS_DEPLOYMENT_TARGET = 13.2;
				MTL_ENABLE_DEBUG_INFO = INCLUDE_SOURCE;
				MTL_FAST_MATH = YES;
				ONLY_ACTIVE_ARCH = YES;
				SDKROOT = iphoneos;
				SWIFT_ACTIVE_COMPILATION_CONDITIONS = DEBUG;
				SWIFT_OPTIMIZATION_LEVEL = "-Onone";
			};
			name = Debug;
		};
		BA3B09F423EA5A3A006EA95D /* Release */ = {
			isa = XCBuildConfiguration;
			buildSettings = {
				ALWAYS_SEARCH_USER_PATHS = NO;
				CLANG_ANALYZER_NONNULL = YES;
				CLANG_ANALYZER_NUMBER_OBJECT_CONVERSION = YES_AGGRESSIVE;
				CLANG_CXX_LANGUAGE_STANDARD = "gnu++14";
				CLANG_CXX_LIBRARY = "libc++";
				CLANG_ENABLE_MODULES = YES;
				CLANG_ENABLE_OBJC_ARC = YES;
				CLANG_ENABLE_OBJC_WEAK = YES;
				CLANG_WARN_BLOCK_CAPTURE_AUTORELEASING = YES;
				CLANG_WARN_BOOL_CONVERSION = YES;
				CLANG_WARN_COMMA = YES;
				CLANG_WARN_CONSTANT_CONVERSION = YES;
				CLANG_WARN_DEPRECATED_OBJC_IMPLEMENTATIONS = YES;
				CLANG_WARN_DIRECT_OBJC_ISA_USAGE = YES_ERROR;
				CLANG_WARN_DOCUMENTATION_COMMENTS = YES;
				CLANG_WARN_EMPTY_BODY = YES;
				CLANG_WARN_ENUM_CONVERSION = YES;
				CLANG_WARN_INFINITE_RECURSION = YES;
				CLANG_WARN_INT_CONVERSION = YES;
				CLANG_WARN_NON_LITERAL_NULL_CONVERSION = YES;
				CLANG_WARN_OBJC_IMPLICIT_RETAIN_SELF = YES;
				CLANG_WARN_OBJC_LITERAL_CONVERSION = YES;
				CLANG_WARN_OBJC_ROOT_CLASS = YES_ERROR;
				CLANG_WARN_RANGE_LOOP_ANALYSIS = YES;
				CLANG_WARN_STRICT_PROTOTYPES = YES;
				CLANG_WARN_SUSPICIOUS_MOVE = YES;
				CLANG_WARN_UNGUARDED_AVAILABILITY = YES_AGGRESSIVE;
				CLANG_WARN_UNREACHABLE_CODE = YES;
				CLANG_WARN__DUPLICATE_METHOD_MATCH = YES;
				COPY_PHASE_STRIP = NO;
				DEBUG_INFORMATION_FORMAT = "dwarf-with-dsym";
				ENABLE_NS_ASSERTIONS = NO;
				ENABLE_STRICT_OBJC_MSGSEND = YES;
				GCC_C_LANGUAGE_STANDARD = gnu11;
				GCC_NO_COMMON_BLOCKS = YES;
				GCC_WARN_64_TO_32_BIT_CONVERSION = YES;
				GCC_WARN_ABOUT_RETURN_TYPE = YES_ERROR;
				GCC_WARN_UNDECLARED_SELECTOR = YES;
				GCC_WARN_UNINITIALIZED_AUTOS = YES_AGGRESSIVE;
				GCC_WARN_UNUSED_FUNCTION = YES;
				GCC_WARN_UNUSED_VARIABLE = YES;
				IPHONEOS_DEPLOYMENT_TARGET = 13.2;
				MTL_ENABLE_DEBUG_INFO = NO;
				MTL_FAST_MATH = YES;
				SDKROOT = iphoneos;
				SWIFT_COMPILATION_MODE = wholemodule;
				SWIFT_OPTIMIZATION_LEVEL = "-O";
				VALIDATE_PRODUCT = YES;
			};
			name = Release;
		};
		BA3B09F623EA5A3A006EA95D /* Debug */ = {
			isa = XCBuildConfiguration;
			buildSettings = {
				ASSETCATALOG_COMPILER_APPICON_NAME = AppIcon;
				CODE_SIGN_STYLE = Automatic;
				INFOPLIST_FILE = ChenCodesLoadingView/Info.plist;
				LD_RUNPATH_SEARCH_PATHS = (
					"$(inherited)",
					"@executable_path/Frameworks",
				);
				PRODUCT_BUNDLE_IDENTIFIER = com.ChenCodes.ChenCodesLoadingView;
				PRODUCT_NAME = "$(TARGET_NAME)";
				SWIFT_VERSION = 5.0;
				TARGETED_DEVICE_FAMILY = "1,2";
			};
			name = Debug;
		};
		BA3B09F723EA5A3A006EA95D /* Release */ = {
			isa = XCBuildConfiguration;
			buildSettings = {
				ASSETCATALOG_COMPILER_APPICON_NAME = AppIcon;
				CODE_SIGN_STYLE = Automatic;
				INFOPLIST_FILE = ChenCodesLoadingView/Info.plist;
				LD_RUNPATH_SEARCH_PATHS = (
					"$(inherited)",
					"@executable_path/Frameworks",
				);
				PRODUCT_BUNDLE_IDENTIFIER = com.ChenCodes.ChenCodesLoadingView;
				PRODUCT_NAME = "$(TARGET_NAME)";
				SWIFT_VERSION = 5.0;
				TARGETED_DEVICE_FAMILY = "1,2";
			};
			name = Release;
		};
/* End XCBuildConfiguration section */

/* Begin XCConfigurationList section */
		BA3B09DC23EA5A3A006EA95D /* Build configuration list for PBXProject "ChenCodesLoadingView" */ = {
			isa = XCConfigurationList;
			buildConfigurations = (
				BA3B09F323EA5A3A006EA95D /* Debug */,
				BA3B09F423EA5A3A006EA95D /* Release */,
			);
			defaultConfigurationIsVisible = 0;
			defaultConfigurationName = Release;
		};
		BA3B09F523EA5A3A006EA95D /* Build configuration list for PBXNativeTarget "ChenCodesLoadingView" */ = {
			isa = XCConfigurationList;
			buildConfigurations = (
				BA3B09F623EA5A3A006EA95D /* Debug */,
				BA3B09F723EA5A3A006EA95D /* Release */,
			);
			defaultConfigurationIsVisible = 0;
			defaultConfigurationName = Release;
		};
/* End XCConfigurationList section */
	};
	rootObject = BA3B09D923EA5A3A006EA95D /* Project object */;
}
